
Microsoft Visual Studio Solution File, Format Version 12.00
# Visual Studio Version 16
VisualStudioVersion = 16.0.30225.117
MinimumVisualStudioVersion = 10.0.40219.1
Project("{2150E333-8FDC-42A3-9474-1A3956D46DE8}") = "Applications", "Applications", "{D44948DF-65E0-4F95-B38D-7F85C4649B2E}"
EndProject
Project("{FAE04EC0-301F-11D3-BF4B-00C04F79EFBC}") = "Retailer.API", "Retailer.API\Retailer.API.csproj", "{70CCF127-3382-456E-A27F-47F1D5A455D1}"
EndProject
Global
	GlobalSection(SolutionConfigurationPlatforms) = preSolution
		Debug|Any CPU = Debug|Any CPU
		Release|Any CPU = Release|Any CPU
	EndGlobalSection
	GlobalSection(ProjectConfigurationPlatforms) = postSolution
		{70CCF127-3382-456E-A27F-47F1D5A455D1}.Debug|Any CPU.ActiveCfg = Debug|Any CPU
		{70CCF127-3382-456E-A27F-47F1D5A455D1}.Debug|Any CPU.Build.0 = Debug|Any CPU
		{70CCF127-3382-456E-A27F-47F1D5A455D1}.Release|Any CPU.ActiveCfg = Release|Any CPU
		{70CCF127-3382-456E-A27F-47F1D5A455D1}.Release|Any CPU.Build.0 = Release|Any CPU
	EndGlobalSection
	GlobalSection(SolutionProperties) = preSolution
		HideSolutionNode = FALSE
	EndGlobalSection
	GlobalSection(NestedProjects) = preSolution
		{70CCF127-3382-456E-A27F-47F1D5A455D1} = {D44948DF-65E0-4F95-B38D-7F85C4649B2E}
	EndGlobalSection
	GlobalSection(ExtensibilityGlobals) = postSolution
		SolutionGuid = {6D4B9652-B9EA-4805-8480-A160609F714D}
	EndGlobalSection
EndGlobal
